
Microsoft Visual Studio Solution File, Format Version 12.00
# Visual Studio 15
VisualStudioVersion = 15.0.28307.1831
MinimumVisualStudioVersion = 10.0.40219.1
Project("{FAE04EC0-301F-11D3-BF4B-00C04F79EFBC}") = "TokoSembako", "TokoSembako\TokoSembako.csproj", "{F35E56CA-C19C-4EEF-812B-1E29EFCB8033}"
EndProject
Global
	GlobalSection(SolutionConfigurationPlatforms) = preSolution
		Debug|Any CPU = Debug|Any CPU
		Release|Any CPU = Release|Any CPU
	EndGlobalSection
	GlobalSection(ProjectConfigurationPlatforms) = postSolution
		{F35E56CA-C19C-4EEF-812B-1E29EFCB8033}.Debug|Any CPU.ActiveCfg = Debug|Any CPU
		{F35E56CA-C19C-4EEF-812B-1E29EFCB8033}.Debug|Any CPU.Build.0 = Debug|Any CPU
		{F35E56CA-C19C-4EEF-812B-1E29EFCB8033}.Release|Any CPU.ActiveCfg = Release|Any CPU
		{F35E56CA-C19C-4EEF-812B-1E29EFCB8033}.Release|Any CPU.Build.0 = Release|Any CPU
	EndGlobalSection
	GlobalSection(SolutionProperties) = preSolution
		HideSolutionNode = FALSE
	EndGlobalSection
	GlobalSection(ExtensibilityGlobals) = postSolution
		SolutionGuid = {ACEEEEF5-0870-47A6-BAE4-C772198A620C}
	EndGlobalSection
EndGlobal
